
Microsoft Visual Studio Solution File, Format Version 12.00
# Visual Studio Version 17
VisualStudioVersion = 17.5.33530.505
MinimumVisualStudioVersion = 10.0.40219.1
Project("{FAE04EC0-301F-11D3-BF4B-00C04F79EFBC}") = "PlaywriteTesting", "PlaywriteTesting.csproj", "{E56D09B2-F27C-401A-96FD-80C25493D932}"
EndProject
Project("{2150E333-8FDC-42A3-9474-1A3956D46DE8}") = "Solution Items", "Solution Items", "{5D29ADA1-0394-46E6-B8D4-C1640876F966}"
	ProjectSection(SolutionItems) = preProject
		.gitignore = .gitignore
	EndProjectSection
EndProject
Global
	GlobalSection(SolutionConfigurationPlatforms) = preSolution
		Debug|Any CPU = Debug|Any CPU
		Release|Any CPU = Release|Any CPU
	EndGlobalSection
	GlobalSection(ProjectConfigurationPlatforms) = postSolution
		{E56D09B2-F27C-401A-96FD-80C25493D932}.Debug|Any CPU.ActiveCfg = Debug|Any CPU
		{E56D09B2-F27C-401A-96FD-80C25493D932}.Debug|Any CPU.Build.0 = Debug|Any CPU
		{E56D09B2-F27C-401A-96FD-80C25493D932}.Release|Any CPU.ActiveCfg = Release|Any CPU
		{E56D09B2-F27C-401A-96FD-80C25493D932}.Release|Any CPU.Build.0 = Release|Any CPU
	EndGlobalSection
	GlobalSection(SolutionProperties) = preSolution
		HideSolutionNode = FALSE
	EndGlobalSection
	GlobalSection(ExtensibilityGlobals) = postSolution
		SolutionGuid = {B3F44E8D-DED1-409C-929A-D49CD0C7DE46}
	EndGlobalSection
EndGlobal
